// !$*UTF8*$!
{
	archiveVersion = 1;
	classes = {
	};
	objectVersion = 46;
	objects = {

/* Begin PBXBuildFile section */
		3CDAAB001C855BEF00C6E37D /* main.m in Sources */ = {isa = PBXBuildFile; fileRef = 3CDAAAFF1C855BEF00C6E37D /* main.m */; };
		3CDAAB031C855BEF00C6E37D /* AppDelegate.m in Sources */ = {isa = PBXBuildFile; fileRef = 3CDAAB021C855BEF00C6E37D /* AppDelegate.m */; };
		3CDAAB0B1C855BEF00C6E37D /* Assets.xcassets in Resources */ = {isa = PBXBuildFile; fileRef = 3CDAAB0A1C855BEF00C6E37D /* Assets.xcassets */; };
		3CDAAB171C855C3200C6E37D /* ViewController.m in Sources */ = {isa = PBXBuildFile; fileRef = 3CDAAB161C855C3200C6E37D /* ViewController.m */; };
		3CDAAB191C855D2000C6E37D /* Main.storyboard in Resources */ = {isa = PBXBuildFile; fileRef = 3CDAAB181C855D2000C6E37D /* Main.storyboard */; };
/* End PBXBuildFile section */

/* Begin PBXFileReference section */
		3CDAAAFB1C855BEF00C6E37D /* Transform.app */ = {isa = PBXFileReference; explicitFileType = wrapper.application; includeInIndex = 0; path = Transform.app; sourceTree = BUILT_PRODUCTS_DIR; };
		3CDAAAFF1C855BEF00C6E37D /* main.m */ = {isa = PBXFileReference; lastKnownFileType = sourcecode.c.objc; path = main.m; sourceTree = "<group>"; };
		3CDAAB011C855BEF00C6E37D /* AppDelegate.h */ = {isa = PBXFileReference; lastKnownFileType = sourcecode.c.h; path = AppDelegate.h; sourceTree = "<group>"; };
		3CDAAB021C855BEF00C6E37D /* AppDelegate.m */ = {isa = PBXFileReference; lastKnownFileType = sourcecode.c.objc; path = AppDelegate.m; sourceTree = "<group>"; };
		3CDAAB0A1C855BEF00C6E37D /* Assets.xcassets */ = {isa = PBXFileReference; lastKnownFileType = folder.assetcatalog; path = Assets.xcassets; sourceTree = "<group>"; };
		3CDAAB0F1C855BEF00C6E37D /* Info.plist */ = {isa = PBXFileReference; lastKnownFileType = text.plist.xml; path = Info.plist; sourceTree = "<group>"; };
		3CDAAB151C855C3200C6E37D /* ViewController.h */ = {isa = PBXFileReference; fileEncoding = 4; lastKnownFileType = sourcecode.c.h; path = ViewController.h; sourceTree = "<group>"; };
		3CDAAB161C855C3200C6E37D /* ViewController.m */ = {isa = PBXFileReference; fileEncoding = 4; lastKnownFileType = sourcecode.c.objc; path = ViewController.m; sourceTree = "<group>"; };
		3CDAAB181C855D2000C6E37D /* Main.storyboard */ = {isa = PBXFileReference; fileEncoding = 4; lastKnownFileType = file.storyboard; path = Main.storyboard; sourceTree = "<group>"; };
/* End PBXFileReference section */

/* Begin PBXFrameworksBuildPhase section */
		3CDAAAF81C855BEF00C6E37D /* Frameworks */ = {
			isa = PBXFrameworksBuildPhase;
			buildActionMask = 2147483647;
			files = (
			);
			runOnlyForDeploymentPostprocessing = 0;
		};
/* End PBXFrameworksBuildPhase section */

/* Begin PBXGroup section */
		3CDAAAF21C855BEF00C6E37D = {
			isa = PBXGroup;
			children = (
				3CDAAAFD1C855BEF00C6E37D /* Transform */,
				3CDAAAFC1C855BEF00C6E37D /* Products */,
			);
			sourceTree = "<group>";
		};
		3CDAAAFC1C855BEF00C6E37D /* Products */ = {
			isa = PBXGroup;
			children = (
				3CDAAAFB1C855BEF00C6E37D /* Transform.app */,
			);
			name = Products;
			sourceTree = "<group>";
		};
		3CDAAAFD1C855BEF00C6E37D /* Transform */ = {
			isa = PBXGroup;
			children = (
				3CDAAB181C855D2000C6E37D /* Main.storyboard */,
				3CDAAB151C855C3200C6E37D /* ViewController.h */,
				3CDAAB161C855C3200C6E37D /* ViewController.m */,
				3CDAAB011C855BEF00C6E37D /* AppDelegate.h */,
				3CDAAB021C855BEF00C6E37D /* AppDelegate.m */,
				3CDAAB0A1C855BEF00C6E37D /* Assets.xcassets */,
				3CDAAB0F1C855BEF00C6E37D /* Info.plist */,
				3CDAAAFE1C855BEF00C6E37D /* Supporting Files */,
			);
			path = Transform;
			sourceTree = "<group>";
		};
		3CDAAAFE1C855BEF00C6E37D /* Supporting Files */ = {
			isa = PBXGroup;
			children = (
				3CDAAAFF1C855BEF00C6E37D /* main.m */,
			);
			name = "Supporting Files";
			sourceTree = "<group>";
		};
/* End PBXGroup section */

/* Begin PBXNativeTarget section */
		3CDAAAFA1C855BEF00C6E37D /* Transform */ = {
			isa = PBXNativeTarget;
			buildConfigurationList = 3CDAAB121C855BEF00C6E37D /* Build configuration list for PBXNativeTarget "Transform" */;
			buildPhases = (
				3CDAAAF71C855BEF00C6E37D /* Sources */,
				3CDAAAF81C855BEF00C6E37D /* Frameworks */,
				3CDAAAF91C855BEF00C6E37D /* Resources */,
			);
			buildRules = (
			);
			dependencies = (
			);
			name = Transform;
			productName = Transform;
			productReference = 3CDAAAFB1C855BEF00C6E37D /* Transform.app */;
			productType = "com.apple.product-type.application";
		};
/* End PBXNativeTarget section */

/* Begin PBXProject section */
		3CDAAAF31C855BEF00C6E37D /* Project object */ = {
			isa = PBXProject;
			attributes = {
				LastUpgradeCheck = 0720;
				ORGANIZATIONNAME = ahachj;
				TargetAttributes = {
					3CDAAAFA1C855BEF00C6E37D = {
						CreatedOnToolsVersion = 7.2.1;
						DevelopmentTeam = QF8H8R2NAV;
					};
				};
			};
			buildConfigurationList = 3CDAAAF61C855BEF00C6E37D /* Build configuration list for PBXProject "Transform" */;
			compatibilityVersion = "Xcode 3.2";
			developmentRegion = English;
			hasScannedForEncodings = 0;
			knownRegions = (
				en,
				Base,
			);
			mainGroup = 3CDAAAF21C855BEF00C6E37D;
			productRefGroup = 3CDAAAFC1C855BEF00C6E37D /* Products */;
			projectDirPath = "";
			projectRoot = "";
			targets = (
				3CDAAAFA1C855BEF00C6E37D /* Transform */,
			);
		};
/* End PBXProject section */

/* Begin PBXResourcesBuildPhase section */
		3CDAAAF91C855BEF00C6E37D /* Resources */ = {
			isa = PBXResourcesBuildPhase;
			buildActionMask = 2147483647;
			files = (
				3CDAAB0B1C855BEF00C6E37D /* Assets.xcassets in Resources */,
				3CDAAB191C855D2000C6E37D /* Main.storyboard in Resources */,
			);
			runOnlyForDeploymentPostprocessing = 0;
		};
/* End PBXResourcesBuildPhase section */

/* Begin PBXSourcesBuildPhase section */
		3CDAAAF71C855BEF00C6E37D /* Sources */ = {
			isa = PBXSourcesBuildPhase;
			buildActionMask = 2147483647;
			files = (
				3CDAAB171C855C3200C6E37D /* ViewController.m in Sources */,
				3CDAAB031C855BEF00C6E37D /* AppDelegate.m in Sources */,
				3CDAAB001C855BEF00C6E37D /* main.m in Sources */,
			);
			runOnlyForDeploymentPostprocessing = 0;
		};
/* End PBXSourcesBuildPhase section */

/* Begin XCBuildConfiguration section */
		3CDAAB101C855BEF00C6E37D /* Debug */ = {
			isa = XCBuildConfiguration;
			buildSettings = {
				ALWAYS_SEARCH_USER_PATHS = NO;
				CLANG_CXX_LANGUAGE_STANDARD = "gnu++0x";
				CLANG_CXX_LIBRARY = "libc++";
				CLANG_ENABLE_MODULES = YES;
				CLANG_ENABLE_OBJC_ARC = YES;
				CLANG_WARN_BOOL_CONVERSION = YES;
				CLANG_WARN_CONSTANT_CONVERSION = YES;
				CLANG_WARN_DIRECT_OBJC_ISA_USAGE = YES_ERROR;
				CLANG_WARN_EMPTY_BODY = YES;
				CLANG_WARN_ENUM_CONVERSION = YES;
				CLANG_WARN_INT_CONVERSION = YES;
				CLANG_WARN_OBJC_ROOT_CLASS = YES_ERROR;
				CLANG_WARN_UNREACHABLE_CODE = YES;
				CLANG_WARN__DUPLICATE_METHOD_MATCH = YES;
				"CODE_SIGN_IDENTITY[sdk=iphoneos*]" = "iPhone Developer";
				COPY_PHASE_STRIP = NO;
				DEBUG_INFORMATION_FORMAT = dwarf;
				ENABLE_STRICT_OBJC_MSGSEND = YES;
				ENABLE_TESTABILITY = YES;
				GCC_C_LANGUAGE_STANDARD = gnu99;
				GCC_DYNAMIC_NO_PIC = NO;
				GCC_NO_COMMON_BLOCKS = YES;
				GCC_OPTIMIZATION_LEVEL = 0;
				GCC_PREPROCESSOR_DEFINITIONS = (
					"DEBUG=1",
					"$(inherited)",
				);
				GCC_WARN_64_TO_32_BIT_CONVERSION = YES;
				GCC_WARN_ABOUT_RETURN_TYPE = YES_ERROR;
				GCC_WARN_UNDECLARED_SELECTOR = YES;
				GCC_WARN_UNINITIALIZED_AUTOS = YES_AGGRESSIVE;
				GCC_WARN_UNUSED_FUNCTION = YES;
				GCC_WARN_UNUSED_VARIABLE = YES;
				IPHONEOS_DEPLOYMENT_TARGET = 9.2;
				MTL_ENABLE_DEBUG_INFO = YES;
				ONLY_ACTIVE_ARCH = YES;
				SDKROOT = iphoneos;
				TARGETED_DEVICE_FAMILY = "1,2";
			};
			name = Debug;
		};
		3CDAAB111C855BEF00C6E37D /* Release */ = {
			isa = XCBuildConfiguration;
			buildSettings = {
				ALWAYS_SEARCH_USER_PATHS = NO;
				CLANG_CXX_LANGUAGE_STANDARD = "gnu++0x";
				CLANG_CXX_LIBRARY = "libc++";
				CLANG_ENABLE_MODULES = YES;
				CLANG_ENABLE_OBJC_ARC = YES;
				CLANG_WARN_BOOL_CONVERSION = YES;
				CLANG_WARN_CONSTANT_CONVERSION = YES;
				CLANG_WARN_DIRECT_OBJC_ISA_USAGE = YES_ERROR;
				CLANG_WARN_EMPTY_BODY = YES;
				CLANG_WARN_ENUM_CONVERSION = YES;
				CLANG_WARN_INT_CONVERSION = YES;
				CLANG_WARN_OBJC_ROOT_CLASS = YES_ERROR;
				CLANG_WARN_UNREACHABLE_CODE = YES;
				CLANG_WARN__DUPLICATE_METHOD_MATCH = YES;
				"CODE_SIGN_IDENTITY[sdk=iphoneos*]" = "iPhone Developer";
				COPY_PHASE_STRIP = NO;
				DEBUG_INFORMATION_FORMAT = "dwarf-with-dsym";
				ENABLE_NS_ASSERTIONS = NO;
				ENABLE_STRICT_OBJC_MSGSEND = YES;
				GCC_C_LANGUAGE_STANDARD = gnu99;
				GCC_NO_COMMON_BLOCKS = YES;
				GCC_WARN_64_TO_32_BIT_CONVERSION = YES;
				GCC_WARN_ABOUT_RETURN_TYPE = YES_ERROR;
				GCC_WARN_UNDECLARED_SELECTOR = YES;
				GCC_WARN_UNINITIALIZED_AUTOS = YES_AGGRESSIVE;
				GCC_WARN_UNUSED_FUNCTION = YES;
				GCC_WARN_UNUSED_VARIABLE = YES;
				IPHONEOS_DEPLOYMENT_TARGET = 9.2;
				MTL_ENABLE_DEBUG_INFO = NO;
				SDKROOT = iphoneos;
				TARGETED_DEVICE_FAMILY = "1,2";
				VALIDATE_PRODUCT = YES;
			};
			name = Release;
		};
		3CDAAB131C855BEF00C6E37D /* Debug */ = {
			isa = XCBuildConfiguration;
			buildSettings = {
				ASSETCATALOG_COMPILER_APPICON_NAME = AppIcon;
				ASSETCATALOG_COMPILER_LAUNCHIMAGE_NAME = "Brand Assets";
				INFOPLIST_FILE = Transform/Info.plist;
				IPHONEOS_DEPLOYMENT_TARGET = 8.0;
				LD_RUNPATH_SEARCH_PATHS = "$(inherited) @executable_path/Frameworks";
				PRODUCT_BUNDLE_IDENTIFIER = com.yfoffice.www.Transform;
				PRODUCT_NAME = "$(TARGET_NAME)";
				TARGETED_DEVICE_FAMILY = 1;
			};
			name = Debug;
		};
		3CDAAB141C855BEF00C6E37D /* Release */ = {
			isa = XCBuildConfiguration;
			buildSettings = {
				ASSETCATALOG_COMPILER_APPICON_NAME = AppIcon;
				ASSETCATALOG_COMPILER_LAUNCHIMAGE_NAME = "Brand Assets";
				INFOPLIST_FILE = Transform/Info.plist;
				IPHONEOS_DEPLOYMENT_TARGET = 8.0;
				LD_RUNPATH_SEARCH_PATHS = "$(inherited) @executable_path/Frameworks";
				PRODUCT_BUNDLE_IDENTIFIER = com.yfoffice.www.Transform;
				PRODUCT_NAME = "$(TARGET_NAME)";
				TARGETED_DEVICE_FAMILY = 1;
			};
			name = Release;
		};
/* End XCBuildConfiguration section */

/* Begin XCConfigurationList section */
		3CDAAAF61C855BEF00C6E37D /* Build configuration list for PBXProject "Transform" */ = {
			isa = XCConfigurationList;
			buildConfigurations = (
				3CDAAB101C855BEF00C6E37D /* Debug */,
				3CDAAB111C855BEF00C6E37D /* Release */,
			);
			defaultConfigurationIsVisible = 0;
			defaultConfigurationName = Release;
		};
		3CDAAB121C855BEF00C6E37D /* Build configuration list for PBXNativeTarget "Transform" */ = {
			isa = XCConfigurationList;
			buildConfigurations = (
				3CDAAB131C855BEF00C6E37D /* Debug */,
				3CDAAB141C855BEF00C6E37D /* Release */,
			);
			defaultConfigurationIsVisible = 0;
			defaultConfigurationName = Release;
		};
/* End XCConfigurationList section */
	};
	rootObject = 3CDAAAF31C855BEF00C6E37D /* Project object */;
}
